{
  "version": 4,
  "terraform_version": "1.11.4",
  "serial": 5,
  "lineage": "2ed085cd-7b54-55ec-19eb-394252ed8507",
  "outputs": {},
  "resources": [
    {
      "mode": "data",
      "type": "terraform_remote_state",
      "name": "network",
      "provider": "provider[\"terraform.io/builtin/terraform\"]",
      "instances": [
        {
          "schema_version": 0,
          "attributes": {
            "backend": "azurerm",
            "config": {
              "value": {
                "container_name": "tfstate",
                "key": "ded-dev.network.tfstate",
                "resource_group_name": "DED_Project",
                "storage_account_name": "sttfdeddevweuee71",
                "use_azuread_auth": true
              },
              "type": [
                "object",
                {
                  "container_name": "string",
                  "key": "string",
                  "resource_group_name": "string",
                  "storage_account_name": "string",
                  "use_azuread_auth": "bool"
                }
              ]
            },
            "defaults": null,
            "outputs": {
              "value": {
                "subnet_ids": {
                  "snet-aks-system": "/subscriptions/de33857c-3d3d-483b-8c75-361b787f3a69/resourceGroups/DED_Project/providers/Microsoft.Network/virtualNetworks/vnet-ded-dev-weu-01/subnets/snet-aks-system",
                  "snet-aks-workload": "/subscriptions/de33857c-3d3d-483b-8c75-361b787f3a69/resourceGroups/DED_Project/providers/Microsoft.Network/virtualNetworks/vnet-ded-dev-weu-01/subnets/snet-aks-workload",
                  "snet-apim": "/subscriptions/de33857c-3d3d-483b-8c75-361b787f3a69/resourceGroups/DED_Project/providers/Microsoft.Network/virtualNetworks/vnet-ded-dev-weu-01/subnets/snet-apim",
                  "snet-dnspr-in": "/subscriptions/de33857c-3d3d-483b-8c75-361b787f3a69/resourceGroups/DED_Project/providers/Microsoft.Network/virtualNetworks/vnet-ded-dev-weu-01/subnets/snet-dnspr-in",
                  "snet-dnspr-out": "/subscriptions/de33857c-3d3d-483b-8c75-361b787f3a69/resourceGroups/DED_Project/providers/Microsoft.Network/virtualNetworks/vnet-ded-dev-weu-01/subnets/snet-dnspr-out",
                  "snet-private-endpoints": "/subscriptions/de33857c-3d3d-483b-8c75-361b787f3a69/resourceGroups/DED_Project/providers/Microsoft.Network/virtualNetworks/vnet-ded-dev-weu-01/subnets/snet-private-endpoints"
                },
                "vnet_id": "/subscriptions/de33857c-3d3d-483b-8c75-361b787f3a69/resourceGroups/DED_Project/providers/Microsoft.Network/virtualNetworks/vnet-ded-dev-weu-01",
                "vnet_name": "vnet-ded-dev-weu-01"
              },
              "type": [
                "object",
                {
                  "subnet_ids": [
                    "object",
                    {
                      "snet-aks-system": "string",
                      "snet-aks-workload": "string",
                      "snet-apim": "string",
                      "snet-dnspr-in": "string",
                      "snet-dnspr-out": "string",
                      "snet-private-endpoints": "string"
                    }
                  ],
                  "vnet_id": "string",
                  "vnet_name": "string"
                }
              ]
            },
            "workspace": null
          },
          "sensitive_attributes": []
        }
      ]
    },
    {
      "mode": "data",
      "type": "terraform_remote_state",
      "name": "platform",
      "provider": "provider[\"terraform.io/builtin/terraform\"]",
      "instances": [
        {
          "schema_version": 0,
          "attributes": {
            "backend": "azurerm",
            "config": {
              "value": {
                "container_name": "tfstate",
                "key": "ded-dev.platform.tfstate",
                "resource_group_name": "DED_Project",
                "storage_account_name": "sttfdeddevweuee71",
                "use_azuread_auth": true
              },
              "type": [
                "object",
                {
                  "container_name": "string",
                  "key": "string",
                  "resource_group_name": "string",
                  "storage_account_name": "string",
                  "use_azuread_auth": "bool"
                }
              ]
            },
            "defaults": null,
            "outputs": {
              "value": {
                "acr_id": "/subscriptions/de33857c-3d3d-483b-8c75-361b787f3a69/resourceGroups/DED_Project/providers/Microsoft.ContainerRegistry/registries/acrdeddevweu01ded",
                "acr_name": "acrdeddevweu01ded",
                "key_vault_id": "/subscriptions/de33857c-3d3d-483b-8c75-361b787f3a69/resourceGroups/DED_Project/providers/Microsoft.KeyVault/vaults/kv-ded-dev-weu-01",
                "key_vault_name": "kv-ded-dev-weu-01",
                "servicebus_name": "sb-ded-dev-weu-01",
                "servicebus_namespace_id": "/subscriptions/de33857c-3d3d-483b-8c75-361b787f3a69/resourceGroups/DED_Project/providers/Microsoft.ServiceBus/namespaces/sb-ded-dev-weu-01",
                "storage_account_id": "/subscriptions/de33857c-3d3d-483b-8c75-361b787f3a69/resourceGroups/DED_Project/providers/Microsoft.Storage/storageAccounts/stddeddevweu01ded",
                "storage_account_name": "stddeddevweu01ded"
              },
              "type": [
                "object",
                {
                  "acr_id": "string",
                  "acr_name": "string",
                  "key_vault_id": "string",
                  "key_vault_name": "string",
                  "servicebus_name": "string",
                  "servicebus_namespace_id": "string",
                  "storage_account_id": "string",
                  "storage_account_name": "string"
                }
              ]
            },
            "workspace": null
          },
          "sensitive_attributes": []
        }
      ]
    },
    {
      "module": "module.private_endpoints",
      "mode": "data",
      "type": "azurerm_private_dns_zone",
      "name": "acr",
      "provider": "provider[\"registry.terraform.io/hashicorp/azurerm\"]",
      "instances": [
        {
          "schema_version": 0,
          "attributes": {
            "id": "/subscriptions/de33857c-3d3d-483b-8c75-361b787f3a69/resourceGroups/DED_Project/providers/Microsoft.Network/privateDnsZones/privatelink.azurecr.io",
            "max_number_of_record_sets": 25000,
            "max_number_of_virtual_network_links": 1000,
            "max_number_of_virtual_network_links_with_registration": 100,
            "name": "privatelink.azurecr.io",
            "number_of_record_sets": 1,
            "resource_group_name": "DED_Project",
            "tags": {
              "env": "dev",
              "owner": "DED",
              "project": "ded"
            },
            "timeouts": null
          },
          "sensitive_attributes": []
        }
      ]
    },
    {
      "module": "module.private_endpoints",
      "mode": "data",
      "type": "azurerm_private_dns_zone",
      "name": "blob",
      "provider": "provider[\"registry.terraform.io/hashicorp/azurerm\"]",
      "instances": [
        {
          "schema_version": 0,
          "attributes": {
            "id": "/subscriptions/de33857c-3d3d-483b-8c75-361b787f3a69/resourceGroups/DED_Project/providers/Microsoft.Network/privateDnsZones/privatelink.blob.core.windows.net",
            "max_number_of_record_sets": 25000,
            "max_number_of_virtual_network_links": 1000,
            "max_number_of_virtual_network_links_with_registration": 100,
            "name": "privatelink.blob.core.windows.net",
            "number_of_record_sets": 1,
            "resource_group_name": "DED_Project",
            "tags": {
              "env": "dev",
              "owner": "DED",
              "project": "ded"
            },
            "timeouts": null
          },
          "sensitive_attributes": []
        }
      ]
    },
    {
      "module": "module.private_endpoints",
      "mode": "data",
      "type": "azurerm_private_dns_zone",
      "name": "kv",
      "provider": "provider[\"registry.terraform.io/hashicorp/azurerm\"]",
      "instances": [
        {
          "schema_version": 0,
          "attributes": {
            "id": "/subscriptions/de33857c-3d3d-483b-8c75-361b787f3a69/resourceGroups/DED_Project/providers/Microsoft.Network/privateDnsZones/privatelink.vaultcore.azure.net",
            "max_number_of_record_sets": 25000,
            "max_number_of_virtual_network_links": 1000,
            "max_number_of_virtual_network_links_with_registration": 100,
            "name": "privatelink.vaultcore.azure.net",
            "number_of_record_sets": 1,
            "resource_group_name": "DED_Project",
            "tags": {
              "env": "dev",
              "owner": "DED",
              "project": "ded"
            },
            "timeouts": null
          },
          "sensitive_attributes": []
        }
      ]
    },
    {
      "module": "module.private_endpoints",
      "mode": "data",
      "type": "azurerm_private_dns_zone",
      "name": "sb",
      "provider": "provider[\"registry.terraform.io/hashicorp/azurerm\"]",
      "instances": [
        {
          "schema_version": 0,
          "attributes": {
            "id": "/subscriptions/de33857c-3d3d-483b-8c75-361b787f3a69/resourceGroups/DED_Project/providers/Microsoft.Network/privateDnsZones/privatelink.servicebus.windows.net",
            "max_number_of_record_sets": 25000,
            "max_number_of_virtual_network_links": 1000,
            "max_number_of_virtual_network_links_with_registration": 100,
            "name": "privatelink.servicebus.windows.net",
            "number_of_record_sets": 1,
            "resource_group_name": "DED_Project",
            "tags": {
              "env": "dev",
              "owner": "DED",
              "project": "ded"
            },
            "timeouts": null
          },
          "sensitive_attributes": []
        }
      ]
    },
    {
      "module": "module.private_endpoints",
      "mode": "managed",
      "type": "azurerm_private_endpoint",
      "name": "blob",
      "provider": "provider[\"registry.terraform.io/hashicorp/azurerm\"]",
      "instances": [
        {
          "schema_version": 0,
          "attributes": {
            "custom_dns_configs": [],
            "custom_network_interface_name": "",
            "id": "/subscriptions/de33857c-3d3d-483b-8c75-361b787f3a69/resourceGroups/DED_Project/providers/Microsoft.Network/privateEndpoints/pe-stblob-ded-dev-weu-01",
            "ip_configuration": [],
            "location": "westeurope",
            "name": "pe-stblob-ded-dev-weu-01",
            "network_interface": [
              {
                "id": "/subscriptions/de33857c-3d3d-483b-8c75-361b787f3a69/resourceGroups/DED_Project/providers/Microsoft.Network/networkInterfaces/pe-stblob-ded-dev-weu-01.nic.0525c2e6-2a79-4ad6-9719-80d968333d02",
                "name": "pe-stblob-ded-dev-weu-01.nic.0525c2e6-2a79-4ad6-9719-80d968333d02"
              }
            ],
            "private_dns_zone_configs": [
              {
                "id": "/subscriptions/de33857c-3d3d-483b-8c75-361b787f3a69/resourceGroups/DED_Project/providers/Microsoft.Network/privateEndpoints/pe-stblob-ded-dev-weu-01/privateDnsZoneGroups/pdzg-blob/privateDnsZoneConfigs/privatelink.blob.core.windows.net",
                "name": "privatelink.blob.core.windows.net",
                "private_dns_zone_id": "/subscriptions/de33857c-3d3d-483b-8c75-361b787f3a69/resourceGroups/DED_Project/providers/Microsoft.Network/privateDnsZones/privatelink.blob.core.windows.net",
                "record_sets": [
                  {
                    "fqdn": "stddeddevweu01ded.privatelink.blob.core.windows.net",
                    "ip_addresses": [
                      "10.60.16.5"
                    ],
                    "name": "stddeddevweu01ded",
                    "ttl": 10,
                    "type": "A"
                  }
                ]
              }
            ],
            "private_dns_zone_group": [
              {
                "id": "/subscriptions/de33857c-3d3d-483b-8c75-361b787f3a69/resourceGroups/DED_Project/providers/Microsoft.Network/privateEndpoints/pe-stblob-ded-dev-weu-01/privateDnsZoneGroups/pdzg-blob",
                "name": "pdzg-blob",
                "private_dns_zone_ids": [
                  "/subscriptions/de33857c-3d3d-483b-8c75-361b787f3a69/resourceGroups/DED_Project/providers/Microsoft.Network/privateDnsZones/privatelink.blob.core.windows.net"
                ]
              }
            ],
            "private_service_connection": [
              {
                "is_manual_connection": false,
                "name": "psc-stblob-ded-dev-weu-01",
                "private_connection_resource_alias": "",
                "private_connection_resource_id": "/subscriptions/de33857c-3d3d-483b-8c75-361b787f3a69/resourceGroups/DED_Project/providers/Microsoft.Storage/storageAccounts/stddeddevweu01ded",
                "private_ip_address": "10.60.16.5",
                "request_message": "",
                "subresource_names": [
                  "blob"
                ]
              }
            ],
            "resource_group_name": "DED_Project",
            "subnet_id": "/subscriptions/de33857c-3d3d-483b-8c75-361b787f3a69/resourceGroups/DED_Project/providers/Microsoft.Network/virtualNetworks/vnet-ded-dev-weu-01/subnets/snet-private-endpoints",
            "tags": {
              "env": "dev",
              "owner": "DED",
              "project": "ded"
            },
            "timeouts": null
          },
          "sensitive_attributes": [],
          "private": "eyJlMmJmYjczMC1lY2FhLTExZTYtOGY4OC0zNDM2M2JjN2M0YzAiOnsiY3JlYXRlIjozNjAwMDAwMDAwMDAwLCJkZWxldGUiOjM2MDAwMDAwMDAwMDAsInJlYWQiOjMwMDAwMDAwMDAwMCwidXBkYXRlIjozNjAwMDAwMDAwMDAwfX0=",
          "dependencies": [
            "data.terraform_remote_state.network",
            "data.terraform_remote_state.platform",
            "module.private_endpoints.data.azurerm_private_dns_zone.blob"
          ]
        }
      ]
    },
    {
      "module": "module.private_endpoints",
      "mode": "managed",
      "type": "azurerm_private_endpoint",
      "name": "kv",
      "provider": "provider[\"registry.terraform.io/hashicorp/azurerm\"]",
      "instances": [
        {
          "schema_version": 0,
          "attributes": {
            "custom_dns_configs": [],
            "custom_network_interface_name": "",
            "id": "/subscriptions/de33857c-3d3d-483b-8c75-361b787f3a69/resourceGroups/DED_Project/providers/Microsoft.Network/privateEndpoints/pe-kv-ded-dev-weu-01",
            "ip_configuration": [],
            "location": "westeurope",
            "name": "pe-kv-ded-dev-weu-01",
            "network_interface": [
              {
                "id": "/subscriptions/de33857c-3d3d-483b-8c75-361b787f3a69/resourceGroups/DED_Project/providers/Microsoft.Network/networkInterfaces/pe-kv-ded-dev-weu-01.nic.4e7ff623-b79b-4225-a41e-6b8bb49f3a33",
                "name": "pe-kv-ded-dev-weu-01.nic.4e7ff623-b79b-4225-a41e-6b8bb49f3a33"
              }
            ],
            "private_dns_zone_configs": [
              {
                "id": "/subscriptions/de33857c-3d3d-483b-8c75-361b787f3a69/resourceGroups/DED_Project/providers/Microsoft.Network/privateEndpoints/pe-kv-ded-dev-weu-01/privateDnsZoneGroups/pdzg-kv/privateDnsZoneConfigs/privatelink.vaultcore.azure.net",
                "name": "privatelink.vaultcore.azure.net",
                "private_dns_zone_id": "/subscriptions/de33857c-3d3d-483b-8c75-361b787f3a69/resourceGroups/DED_Project/providers/Microsoft.Network/privateDnsZones/privatelink.vaultcore.azure.net",
                "record_sets": [
                  {
                    "fqdn": "kv-ded-dev-weu-01.privatelink.vaultcore.azure.net",
                    "ip_addresses": [
                      "10.60.16.4"
                    ],
                    "name": "kv-ded-dev-weu-01",
                    "ttl": 10,
                    "type": "A"
                  }
                ]
              }
            ],
            "private_dns_zone_group": [
              {
                "id": "/subscriptions/de33857c-3d3d-483b-8c75-361b787f3a69/resourceGroups/DED_Project/providers/Microsoft.Network/privateEndpoints/pe-kv-ded-dev-weu-01/privateDnsZoneGroups/pdzg-kv",
                "name": "pdzg-kv",
                "private_dns_zone_ids": [
                  "/subscriptions/de33857c-3d3d-483b-8c75-361b787f3a69/resourceGroups/DED_Project/providers/Microsoft.Network/privateDnsZones/privatelink.vaultcore.azure.net"
                ]
              }
            ],
            "private_service_connection": [
              {
                "is_manual_connection": false,
                "name": "psc-kv-ded-dev-weu-01",
                "private_connection_resource_alias": "",
                "private_connection_resource_id": "/subscriptions/de33857c-3d3d-483b-8c75-361b787f3a69/resourceGroups/DED_Project/providers/Microsoft.KeyVault/vaults/kv-ded-dev-weu-01",
                "private_ip_address": "10.60.16.4",
                "request_message": "",
                "subresource_names": [
                  "vault"
                ]
              }
            ],
            "resource_group_name": "DED_Project",
            "subnet_id": "/subscriptions/de33857c-3d3d-483b-8c75-361b787f3a69/resourceGroups/DED_Project/providers/Microsoft.Network/virtualNetworks/vnet-ded-dev-weu-01/subnets/snet-private-endpoints",
            "tags": {
              "env": "dev",
              "owner": "DED",
              "project": "ded"
            },
            "timeouts": null
          },
          "sensitive_attributes": [],
          "private": "eyJlMmJmYjczMC1lY2FhLTExZTYtOGY4OC0zNDM2M2JjN2M0YzAiOnsiY3JlYXRlIjozNjAwMDAwMDAwMDAwLCJkZWxldGUiOjM2MDAwMDAwMDAwMDAsInJlYWQiOjMwMDAwMDAwMDAwMCwidXBkYXRlIjozNjAwMDAwMDAwMDAwfX0=",
          "dependencies": [
            "data.terraform_remote_state.network",
            "data.terraform_remote_state.platform",
            "module.private_endpoints.data.azurerm_private_dns_zone.kv"
          ]
        }
      ]
    }
  ],
  "check_results": null
}
